# This file is automatically @generated by Cargo.
# It is not intended for manual editing.
version = 3

[[package]]
name = "aho-corasick"
version = "0.7.20"
source = "registry+https://github.com/rust-lang/crates.io-index"
checksum = "cc936419f96fa211c1b9166887b38e5e40b19958e5b895be7c1f93adec7071ac"
dependencies = [
 "memchr",
]

[[package]]
name = "anyhow"
version = "1.0.75"
source = "registry+https://github.com/rust-lang/crates.io-index"
checksum = "a4668cab20f66d8d020e1fbc0ebe47217433c1b6c8f2040faf858554e394ace6"

[[package]]
name = "as-slice"
version = "0.1.5"
source = "registry+https://github.com/rust-lang/crates.io-index"
checksum = "45403b49e3954a4b8428a0ac21a4b7afadccf92bfd96273f1a58cd4812496ae0"
dependencies = [
 "generic-array 0.12.4",
 "generic-array 0.13.3",
 "generic-array 0.14.7",
 "stable_deref_trait",
]

[[package]]
name = "as-slice"
version = "0.2.1"
source = "registry+https://github.com/rust-lang/crates.io-index"
checksum = "516b6b4f0e40d50dcda9365d53964ec74560ad4284da2e7fc97122cd83174516"
dependencies = [
 "stable_deref_trait",
]

[[package]]
name = "atomic-polyfill"
version = "0.1.11"
source = "registry+https://github.com/rust-lang/crates.io-index"
checksum = "e3ff7eb3f316534d83a8a2c3d1674ace8a5a71198eba31e2e2b597833f699b28"
dependencies = [
 "critical-section",
]

[[package]]
name = "atomic-polyfill"
version = "1.0.2"
source = "registry+https://github.com/rust-lang/crates.io-index"
checksum = "c314e70d181aa6053b26e3f7fbf86d1dfff84f816a6175b967666b3506ef7289"
dependencies = [
 "critical-section",
]

[[package]]
name = "atomic-pool"
version = "1.0.1"
source = "registry+https://github.com/rust-lang/crates.io-index"
checksum = "58c5fc22e05ec2884db458bf307dc7b278c9428888d2b6e6fad9c0ae7804f5f6"
dependencies = [
 "as-slice 0.1.5",
 "as-slice 0.2.1",
 "atomic-polyfill 1.0.2",
 "stable_deref_trait",
]

[[package]]
name = "atomic-waker"
version = "1.1.2"
source = "registry+https://github.com/rust-lang/crates.io-index"
checksum = "1505bd5d3d116872e7271a6d4e16d81d0c8570876c8de68093a09ac269d8aac0"

[[package]]
name = "atomic_enum"
version = "0.2.0"
source = "registry+https://github.com/rust-lang/crates.io-index"
checksum = "6227a8d6fdb862bcb100c4314d0d9579e5cd73fa6df31a2e6f6e1acd3c5f1207"
dependencies = [
 "proc-macro2",
 "quote",
 "syn 1.0.109",
]

[[package]]
name = "autocfg"
version = "1.1.0"
source = "registry+https://github.com/rust-lang/crates.io-index"
checksum = "d468802bab17cbc0cc575e9b053f41e72aa36bfa6b7f55e3529ffa43161b97fa"

[[package]]
name = "bare-metal"
version = "1.0.0"
source = "registry+https://github.com/rust-lang/crates.io-index"
checksum = "f8fe8f5a8a398345e52358e18ff07cc17a568fbca5c6f73873d3a62056309603"

[[package]]
name = "basic-toml"
version = "0.1.7"
source = "registry+https://github.com/rust-lang/crates.io-index"
checksum = "2f2139706359229bfa8f19142ac1155b4b80beafb7a60471ac5dd109d4a19778"
dependencies = [
 "serde",
]

[[package]]
name = "bit_field"
version = "0.10.2"
source = "registry+https://github.com/rust-lang/crates.io-index"
checksum = "dc827186963e592360843fb5ba4b973e145841266c1357f7180c43526f2e5b61"

[[package]]
name = "bitfield"
version = "0.14.0"
source = "registry+https://github.com/rust-lang/crates.io-index"
checksum = "2d7e60934ceec538daadb9d8432424ed043a904d8e0243f3c6446bce549a46ac"

[[package]]
name = "bitflags"
version = "1.3.2"
source = "registry+https://github.com/rust-lang/crates.io-index"
checksum = "bef38d45163c2f1dde094a7dfd33ccf595c92905c8f8f4fdc18d06fb1037718a"

[[package]]
name = "bitflags"
version = "2.4.1"
source = "registry+https://github.com/rust-lang/crates.io-index"
checksum = "327762f6e5a765692301e5bb513e0d9fef63be86bbc14528052b1cd3e6f03e07"

[[package]]
name = "bytemuck"
version = "1.13.1"
source = "registry+https://github.com/rust-lang/crates.io-index"
checksum = "17febce684fd15d89027105661fec94afb475cb995fbc59d2865198446ba2eea"

[[package]]
name = "byteorder"
version = "1.4.3"
source = "registry+https://github.com/rust-lang/crates.io-index"
checksum = "14c189c53d098945499cdfa7ecc63567cf3886b3332b312a5b4585d8d3a6a610"

[[package]]
name = "cfg-if"
version = "1.0.0"
source = "registry+https://github.com/rust-lang/crates.io-index"
checksum = "baf1de4339761588bc0619e3cbc0120ee582ebb74b53b4efbf79117bd2da40fd"

[[package]]
name = "core-isa-parser"
version = "0.2.0"
source = "registry+https://github.com/rust-lang/crates.io-index"
checksum = "23ec98e54b735872e54b2335c2e5a5c7fa7d9c3bfd45500f75280f84089a0083"
dependencies = [
 "anyhow",
 "enum-as-inner",
 "regex",
 "strum 0.24.1",
 "strum_macros 0.24.3",
]

[[package]]
name = "critical-section"
version = "1.1.2"
source = "registry+https://github.com/rust-lang/crates.io-index"
checksum = "7059fff8937831a9ae6f0fe4d658ffabf58f2ca96aa9dec1c889f936f705f216"

[[package]]
name = "darling"
version = "0.13.4"
source = "registry+https://github.com/rust-lang/crates.io-index"
checksum = "a01d95850c592940db9b8194bc39f4bc0e89dee5c4265e4b1807c34a9aba453c"
dependencies = [
 "darling_core 0.13.4",
 "darling_macro 0.13.4",
]

[[package]]
name = "darling"
version = "0.14.4"
source = "registry+https://github.com/rust-lang/crates.io-index"
checksum = "7b750cb3417fd1b327431a470f388520309479ab0bf5e323505daf0290cd3850"
dependencies = [
 "darling_core 0.14.4",
 "darling_macro 0.14.4",
]

[[package]]
name = "darling"
version = "0.20.3"
source = "registry+https://github.com/rust-lang/crates.io-index"
checksum = "0209d94da627ab5605dcccf08bb18afa5009cfbef48d8a8b7d7bdbc79be25c5e"
dependencies = [
 "darling_core 0.20.3",
 "darling_macro 0.20.3",
]

[[package]]
name = "darling_core"
version = "0.13.4"
source = "registry+https://github.com/rust-lang/crates.io-index"
checksum = "859d65a907b6852c9361e3185c862aae7fafd2887876799fa55f5f99dc40d610"
dependencies = [
 "fnv",
 "ident_case",
 "proc-macro2",
 "quote",
 "strsim",
 "syn 1.0.109",
]

[[package]]
name = "darling_core"
version = "0.14.4"
source = "registry+https://github.com/rust-lang/crates.io-index"
checksum = "109c1ca6e6b7f82cc233a97004ea8ed7ca123a9af07a8230878fcfda9b158bf0"
dependencies = [
 "fnv",
 "ident_case",
 "proc-macro2",
 "quote",
 "syn 1.0.109",
]

[[package]]
name = "darling_core"
version = "0.20.3"
source = "registry+https://github.com/rust-lang/crates.io-index"
checksum = "177e3443818124b357d8e76f53be906d60937f0d3a90773a664fa63fa253e621"
dependencies = [
 "fnv",
 "ident_case",
 "proc-macro2",
 "quote",
 "strsim",
 "syn 2.0.38",
]

[[package]]
name = "darling_macro"
version = "0.13.4"
source = "registry+https://github.com/rust-lang/crates.io-index"
checksum = "9c972679f83bdf9c42bd905396b6c3588a843a17f0f16dfcfa3e2c5d57441835"
dependencies = [
 "darling_core 0.13.4",
 "quote",
 "syn 1.0.109",
]

[[package]]
name = "darling_macro"
version = "0.14.4"
source = "registry+https://github.com/rust-lang/crates.io-index"
checksum = "a4aab4dbc9f7611d8b55048a3a16d2d010c2c8334e46304b40ac1cc14bf3b48e"
dependencies = [
 "darling_core 0.14.4",
 "quote",
 "syn 1.0.109",
]

[[package]]
name = "darling_macro"
version = "0.20.3"
source = "registry+https://github.com/rust-lang/crates.io-index"
checksum = "836a9bbc7ad63342d6d6e7b815ccab164bc77a2d95d84bc3117a8c0d5c98e2d5"
dependencies = [
 "darling_core 0.20.3",
 "quote",
 "syn 2.0.38",
]

[[package]]
name = "embassy-executor"
version = "0.1.1"
source = "git+https://github.com/embassy-rs/embassy/?rev=cd9a65b#cd9a65ba3969460cd7ecb9200f12a828c26205aa"
dependencies = [
 "atomic-polyfill 1.0.2",
 "cfg-if",
 "critical-section",
 "embassy-macros",
 "embassy-time 0.1.0 (git+https://github.com/embassy-rs/embassy/?rev=cd9a65b)",
 "futures-util",
 "static_cell",
]

[[package]]
name = "embassy-futures"
version = "0.1.0"
source = "registry+https://github.com/rust-lang/crates.io-index"
checksum = "47e5367165d347c039360f784812f493b001583ab6a3dd8622f4ce9c30374ec3"

[[package]]
name = "embassy-macros"
version = "0.1.0"
source = "git+https://github.com/embassy-rs/embassy/?rev=cd9a65b#cd9a65ba3969460cd7ecb9200f12a828c26205aa"
dependencies = [
 "darling 0.13.4",
 "proc-macro2",
 "quote",
 "syn 1.0.109",
]

[[package]]
name = "embassy-net"
version = "0.1.0"
source = "git+https://github.com/embassy-rs/embassy?rev=26474ce6eb759e5add1c137f3417845e0797df3a#26474ce6eb759e5add1c137f3417845e0797df3a"
dependencies = [
 "as-slice 0.2.1",
 "atomic-polyfill 1.0.2",
 "atomic-pool",
 "embassy-net-driver",
 "embassy-sync 0.1.0 (git+https://github.com/embassy-rs/embassy?rev=26474ce6eb759e5add1c137f3417845e0797df3a)",
 "embassy-time 0.1.0 (git+https://github.com/embassy-rs/embassy?rev=26474ce6eb759e5add1c137f3417845e0797df3a)",
 "embedded-io 0.4.0",
 "embedded-nal-async",
 "futures",
 "generic-array 0.14.7",
 "heapless",
 "managed",
 "smoltcp 0.9.1",
 "stable_deref_trait",
]

[[package]]
name = "embassy-net-driver"
version = "0.1.0"
source = "git+https://github.com/embassy-rs/embassy?rev=26474ce6eb759e5add1c137f3417845e0797df3a#26474ce6eb759e5add1c137f3417845e0797df3a"

[[package]]
name = "embassy-sync"
version = "0.1.0"
source = "git+https://github.com/embassy-rs/embassy?rev=26474ce6eb759e5add1c137f3417845e0797df3a#26474ce6eb759e5add1c137f3417845e0797df3a"
dependencies = [
 "cfg-if",
 "critical-section",
 "embedded-io 0.4.0",
 "futures-util",
 "heapless",
]

[[package]]
name = "embassy-sync"
version = "0.1.0"
source = "git+https://github.com/embassy-rs/embassy/?rev=cd9a65b#cd9a65ba3969460cd7ecb9200f12a828c26205aa"
dependencies = [
 "atomic-polyfill 1.0.2",
 "cfg-if",
 "critical-section",
 "embedded-io 0.4.0",
 "futures-util",
 "heapless",
]

[[package]]
name = "embassy-sync"
version = "0.2.0"
source = "registry+https://github.com/rust-lang/crates.io-index"
checksum = "a0dad296a6f70bfdc32ef52442a31f98c28e1608893c1cecc9b6f419bab005a0"
dependencies = [
 "cfg-if",
 "critical-section",
 "embedded-io 0.4.0",
 "futures-util",
 "heapless",
]

[[package]]
name = "embassy-sync"
version = "0.3.0"
source = "registry+https://github.com/rust-lang/crates.io-index"
checksum = "f0525b466ca3ace30b57f2db868a35215dfaecd038d8668cb2db03feb7c069a0"
dependencies = [
 "cfg-if",
 "critical-section",
 "futures-util",
 "heapless",
]

[[package]]
name = "embassy-time"
version = "0.1.0"
source = "git+https://github.com/embassy-rs/embassy?rev=26474ce6eb759e5add1c137f3417845e0797df3a#26474ce6eb759e5add1c137f3417845e0797df3a"
dependencies = [
 "atomic-polyfill 1.0.2",
 "cfg-if",
 "critical-section",
 "embassy-sync 0.1.0 (git+https://github.com/embassy-rs/embassy?rev=26474ce6eb759e5add1c137f3417845e0797df3a)",
 "embedded-hal 0.2.7",
 "futures-util",
 "heapless",
]

[[package]]
name = "embassy-time"
version = "0.1.0"
source = "git+https://github.com/embassy-rs/embassy/?rev=cd9a65b#cd9a65ba3969460cd7ecb9200f12a828c26205aa"
dependencies = [
 "atomic-polyfill 1.0.2",
 "cfg-if",
 "critical-section",
 "embassy-sync 0.1.0 (git+https://github.com/embassy-rs/embassy/?rev=cd9a65b)",
 "embedded-hal 0.2.7",
 "futures-util",
 "heapless",
]

[[package]]
name = "embassy-time"
version = "0.1.5"
source = "registry+https://github.com/rust-lang/crates.io-index"
checksum = "03bcc866a1d3c678da6fa1d28f655a074840b6122123975e156cfca7f1ccc78a"
dependencies = [
 "cfg-if",
 "critical-section",
 "embedded-hal 0.2.7",
 "embedded-hal-async",
 "futures-util",
 "heapless",
]

[[package]]
name = "embedded-can"
version = "0.4.1"
source = "registry+https://github.com/rust-lang/crates.io-index"
checksum = "e9d2e857f87ac832df68fa498d18ddc679175cf3d2e4aa893988e5601baf9438"
dependencies = [
 "nb 1.1.0",
]

[[package]]
name = "embedded-dma"
version = "0.2.0"
source = "registry+https://github.com/rust-lang/crates.io-index"
checksum = "994f7e5b5cb23521c22304927195f236813053eb9c065dd2226a32ba64695446"
dependencies = [
 "stable_deref_trait",
]

[[package]]
name = "embedded-hal"
version = "0.2.7"
source = "registry+https://github.com/rust-lang/crates.io-index"
checksum = "35949884794ad573cf46071e41c9b60efb0cb311e3ca01f7af807af1debc66ff"
dependencies = [
 "nb 0.1.3",
 "void",
]

[[package]]
name = "embedded-hal"
version = "1.0.0-rc.1"
source = "registry+https://github.com/rust-lang/crates.io-index"
checksum = "2894bc2f0457b8ca3d6b8ab8aad64d9337583672494013457f86c5a9146c0e22"

[[package]]
name = "embedded-hal-async"
version = "1.0.0-rc.1"
source = "registry+https://github.com/rust-lang/crates.io-index"
checksum = "76a8a3517745342155b3b00895a0f78417a453fb800d97a8bf4777d5720acde9"
dependencies = [
 "embedded-hal 1.0.0-rc.1",
]

[[package]]
name = "embedded-hal-nb"
version = "1.0.0-rc.1"
source = "registry+https://github.com/rust-lang/crates.io-index"
checksum = "257e3bb0163c69195acb0ebe0083b017b963235861d5ea9741626abdc55f39c9"
dependencies = [
 "embedded-hal 1.0.0-rc.1",
 "nb 1.1.0",
]

[[package]]
name = "embedded-io"
version = "0.4.0"
source = "registry+https://github.com/rust-lang/crates.io-index"
checksum = "ef1a6892d9eef45c8fa6b9e0086428a2cca8491aca8f787c534a3d6d0bcb3ced"

[[package]]
name = "embedded-io"
version = "0.5.0"
source = "registry+https://github.com/rust-lang/crates.io-index"
checksum = "658bbadc628dc286b9ae02f0cb0f5411c056eb7487b72f0083203f115de94060"

[[package]]
name = "embedded-io"
version = "0.6.1"
source = "registry+https://github.com/rust-lang/crates.io-index"
checksum = "edd0f118536f44f5ccd48bcb8b111bdc3de888b58c74639dfb034a357d0f206d"

[[package]]
name = "embedded-io-async"
version = "0.5.0"
source = "registry+https://github.com/rust-lang/crates.io-index"
checksum = "1394754ad749a560b25a0c70dcd2b66a450824a1311fc475bb2ccbfabe7f8414"
dependencies = [
 "embedded-io 0.5.0",
]

[[package]]
name = "embedded-nal"
version = "0.6.0"
source = "registry+https://github.com/rust-lang/crates.io-index"
checksum = "db9efecb57ab54fa918730f2874d7d37647169c50fa1357fecb81abee840b113"
dependencies = [
 "heapless",
 "nb 1.1.0",
 "no-std-net 0.5.0",
]

[[package]]
name = "embedded-nal-async"
version = "0.3.0"
source = "registry+https://github.com/rust-lang/crates.io-index"
checksum = "0dc8f5d837a6e95e9ecad9b5503fff6ef12e16407706abed1d33fc61eaf90da8"
dependencies = [
 "embedded-io 0.4.0",
 "embedded-nal",
 "heapless",
 "no-std-net 0.6.0",
]

[[package]]
name = "embedded-svc"
version = "0.25.3"
source = "registry+https://github.com/rust-lang/crates.io-index"
checksum = "adb928fd4f8e71dee7628bbab86b25df74c503fc5209cfeeb174a9806bb4fd11"
dependencies = [
 "atomic-waker",
 "embedded-io 0.4.0",
 "enumset",
 "heapless",
 "no-std-net 0.5.0",
 "serde",
]

[[package]]
name = "embedded-svc"
version = "0.26.1"
source = "registry+https://github.com/rust-lang/crates.io-index"
checksum = "15b1a857f242e7cfeaeae173f8618750b496de21f43ac3e8963404a17498e2e1"
dependencies = [
 "atomic-waker",
 "embedded-io 0.6.1",
 "enumset",
 "heapless",
 "no-std-net 0.5.0",
 "serde",
]

[[package]]
name = "enum-as-inner"
version = "0.4.0"
source = "registry+https://github.com/rust-lang/crates.io-index"
checksum = "21cdad81446a7f7dc43f6a77409efeb9733d2fa65553efef6018ef257c959b73"
dependencies = [
 "heck",
 "proc-macro2",
 "quote",
 "syn 1.0.109",
]

[[package]]
name = "enumset"
version = "1.0.12"
source = "registry+https://github.com/rust-lang/crates.io-index"
checksum = "19be8061a06ab6f3a6cf21106c873578bf01bd42ad15e0311a9c76161cb1c753"
dependencies = [
 "enumset_derive",
]

[[package]]
name = "enumset_derive"
version = "0.6.1"
source = "registry+https://github.com/rust-lang/crates.io-index"
checksum = "03e7b551eba279bf0fa88b83a46330168c1560a52a94f5126f892f0b364ab3e0"
dependencies = [
 "darling 0.14.4",
 "proc-macro2",
 "quote",
 "syn 1.0.109",
]

[[package]]
name = "esp-alloc"
version = "0.3.0"
source = "registry+https://github.com/rust-lang/crates.io-index"
checksum = "83792eb7261a375bb838679fea2b45654b8f4a48da6bef10a96da5054aa81c7d"
dependencies = [
 "critical-section",
 "linked_list_allocator",
]

[[package]]
name = "esp-backtrace"
version = "0.9.0"
source = "registry+https://github.com/rust-lang/crates.io-index"
checksum = "50f1f532fb2f820e2eeb7e5c7d479cdb8bdd939fe5d5a33c511e94371b0667ae"
dependencies = [
 "esp-println",
]

[[package]]
name = "esp-hal-common"
version = "0.12.0"
source = "registry+https://github.com/rust-lang/crates.io-index"
checksum = "29b785e4195e1e1e6fae5b8c7fc44a1a71efa94e0b69527a38cce64815bfe7a6"
dependencies = [
 "basic-toml",
 "bitfield",
 "bitflags 2.4.1",
 "cfg-if",
 "critical-section",
 "embassy-futures",
 "embassy-sync 0.2.0",
 "embassy-time 0.1.5",
 "embedded-can",
 "embedded-dma",
 "embedded-hal 0.2.7",
 "embedded-hal 1.0.0-rc.1",
 "embedded-hal-async",
 "embedded-hal-nb",
 "embedded-io 0.5.0",
 "embedded-io-async",
 "esp-hal-procmacros",
 "esp-riscv-rt",
 "esp-synopsys-usb-otg",
 "esp32",
 "esp32c2",
 "esp32c3",
 "esp32c6",
 "esp32s2",
 "esp32s3",
 "fugit",
 "lock_api",
 "nb 1.1.0",
 "paste",
 "riscv-atomic-emulation-trap",
 "serde",
 "strum 0.25.0",
 "usb-device",
 "void",
 "xtensa-lx",
 "xtensa-lx-rt",
]

[[package]]
name = "esp-hal-procmacros"
version = "0.6.1"
source = "registry+https://github.com/rust-lang/crates.io-index"
checksum = "d4cdf19581f9b0bb2b57b1549a2e639342825344b52f34048ddb29c46efa30de"
dependencies = [
 "darling 0.20.3",
 "proc-macro-crate",
 "proc-macro-error",
 "proc-macro2",
 "quote",
 "syn 2.0.38",
]

[[package]]
name = "esp-hal-smartled"
version = "0.5.0"
source = "registry+https://github.com/rust-lang/crates.io-index"
checksum = "b4eba9d9b8e2b09fe9a57fa14fd28f14215e31acfef2cdb0218b2b96b8de6fbf"
dependencies = [
 "esp-hal-common",
 "fugit",
 "smart-leds-trait",
]

[[package]]
name = "esp-println"
version = "0.7.0"
source = "registry+https://github.com/rust-lang/crates.io-index"
checksum = "b19cdfb99dbc557daae2052fc6b16a0ee441419f9f4b77b20131c9d62e236ba4"
dependencies = [
 "critical-section",
 "log",
]

[[package]]
name = "esp-riscv-rt"
version = "0.5.0"
source = "registry+https://github.com/rust-lang/crates.io-index"
checksum = "7639ac03e9fe4e6d5f1c0e90b95ce9478d487335f6684c22b3515e6dc3155d8f"
dependencies = [
 "riscv",
 "riscv-rt-macros",
]

[[package]]
name = "esp-synopsys-usb-otg"
version = "0.3.2"
source = "registry+https://github.com/rust-lang/crates.io-index"
checksum = "5cc6734e87e7b86858f7884649deae6bf634d1e6f5b2d078e457cf4d72c541ec"
dependencies = [
 "critical-section",
 "embedded-hal 0.2.7",
 "usb-device",
 "vcell",
]

[[package]]
name = "esp-wifi"
version = "0.1.0"
source = "git+https://github.com/Nereuxofficial/esp-wifi#b86650627544ef86ad9c6ab2c3c5eb577e8e3b38"
dependencies = [
 "atomic-polyfill 1.0.2",
 "atomic_enum",
 "cfg-if",
 "critical-section",
 "embassy-futures",
 "embassy-sync 0.2.0",
 "embedded-io 0.4.0",
 "embedded-svc 0.25.3",
 "enumset",
 "esp-wifi-sys",
 "esp32-hal",
 "esp32c2-hal",
 "esp32c3-hal",
 "esp32c6-hal",
 "esp32s2-hal",
 "esp32s3-hal",
 "fugit",
 "heapless",
 "libm",
 "linked_list_allocator",
 "num-derive",
 "num-traits",
 "smoltcp 0.10.0",
 "toml-cfg",
]

[[package]]
name = "esp-wifi-sys"
version = "0.1.0"
source = "git+https://github.com/Nereuxofficial/esp-wifi#b86650627544ef86ad9c6ab2c3c5eb577e8e3b38"
dependencies = [
 "anyhow",
]

[[package]]
name = "esp32"
version = "0.26.0"
source = "registry+https://github.com/rust-lang/crates.io-index"
checksum = "4c960d25971ea0667a1fcd400d193efe16015eb73f0c98d431cc743cb72b80a6"
dependencies = [
 "critical-section",
 "vcell",
 "xtensa-lx",
]

[[package]]
name = "esp32-hal"
version = "0.15.0"
source = "registry+https://github.com/rust-lang/crates.io-index"
checksum = "a0072436ea4efbe976b38568fd93ba6a1e0ee9f64b5cc2b6053fa68ad8cf89e0"
dependencies = [
 "embassy-time 0.1.5",
 "esp-hal-common",
]

[[package]]
name = "esp32c2"
version = "0.14.0"
source = "registry+https://github.com/rust-lang/crates.io-index"
checksum = "e9241c1c6ff4ce96e53cf4d53407057ca3716c755a99a8d67c206eeae323ab75"
dependencies = [
 "critical-section",
 "vcell",
]

[[package]]
name = "esp32c2-hal"
version = "0.10.0"
source = "registry+https://github.com/rust-lang/crates.io-index"
checksum = "a61afb7501204c6cd047c526697b16373660a9ee5e3a9bc87c947d50a61789c2"
dependencies = [
 "esp-hal-common",
]

[[package]]
name = "esp32c3"
version = "0.17.0"
source = "registry+https://github.com/rust-lang/crates.io-index"
checksum = "69fd4d0ce57e7c801cba8d01b5a833db804c8596485f0764ef20f2a9e1eb53bf"
dependencies = [
 "critical-section",
 "vcell",
]

[[package]]
name = "esp32c3-hal"
version = "0.12.0"
source = "registry+https://github.com/rust-lang/crates.io-index"
checksum = "98501cfeea3081911074cde8074533b2939e46bd3630b1cd3e89563d58148a00"
dependencies = [
 "cfg-if",
 "esp-hal-common",
]

[[package]]
name = "esp32c6"
version = "0.7.0"
source = "registry+https://github.com/rust-lang/crates.io-index"
checksum = "b218d980ffb5eec9f60f94f1a1551c694683b31cb535770a2b9b9bbf3de14035"
dependencies = [
 "critical-section",
 "vcell",
]

[[package]]
name = "esp32c6-hal"
version = "0.5.0"
source = "registry+https://github.com/rust-lang/crates.io-index"
checksum = "12335dedcfa4ff0391e92432d1a305897343e86a50cbb09aaec914e773b780f5"
dependencies = [
 "esp-hal-common",
]

[[package]]
name = "esp32s2"
version = "0.17.0"
source = "registry+https://github.com/rust-lang/crates.io-index"
checksum = "83867a7489991fc4f8c9a02d54038b784c645ad9239ce10a9f84e744bc35d580"
dependencies = [
 "critical-section",
 "vcell",
 "xtensa-lx",
]

[[package]]
name = "esp32s2-hal"
version = "0.12.0"
source = "registry+https://github.com/rust-lang/crates.io-index"
checksum = "aa6079278a4bd03f4a4eb5396079865fcc2078a8b9e546541bf764457235ccf6"
dependencies = [
 "esp-hal-common",
 "xtensa-atomic-emulation-trap",
]

[[package]]
name = "esp32s3"
version = "0.21.0"
source = "registry+https://github.com/rust-lang/crates.io-index"
checksum = "6991fd4a8ac00e7be2646a09c3da992b69e57a0b1da2570c4cd5a58c613a3a11"
dependencies = [
 "critical-section",
 "vcell",
 "xtensa-lx",
]

[[package]]
name = "esp32s3-hal"
version = "0.12.0"
source = "registry+https://github.com/rust-lang/crates.io-index"
checksum = "3f64ce29b9649d2ab4778525362388831f8fa7653052a7ad15ec970048bb9b49"
dependencies = [
 "esp-hal-common",
]

[[package]]
name = "fnv"
version = "1.0.7"
source = "registry+https://github.com/rust-lang/crates.io-index"
checksum = "3f9eec918d3f24069decb9af1554cad7c880e2da24a9afd88aca000531ab82c1"

[[package]]
name = "fugit"
version = "0.3.7"
source = "registry+https://github.com/rust-lang/crates.io-index"
checksum = "17186ad64927d5ac8f02c1e77ccefa08ccd9eaa314d5a4772278aa204a22f7e7"
dependencies = [
 "gcd",
]

[[package]]
name = "futures"
version = "0.3.28"
source = "registry+https://github.com/rust-lang/crates.io-index"
checksum = "23342abe12aba583913b2e62f22225ff9c950774065e4bfb61a19cd9770fec40"
dependencies = [
 "futures-channel",
 "futures-core",
 "futures-io",
 "futures-sink",
 "futures-task",
 "futures-util",
]

[[package]]
name = "futures-channel"
version = "0.3.28"
source = "registry+https://github.com/rust-lang/crates.io-index"
checksum = "955518d47e09b25bbebc7a18df10b81f0c766eaf4c4f1cccef2fca5f2a4fb5f2"
dependencies = [
 "futures-core",
 "futures-sink",
]

[[package]]
name = "futures-core"
version = "0.3.29"
source = "registry+https://github.com/rust-lang/crates.io-index"
checksum = "eb1d22c66e66d9d72e1758f0bd7d4fd0bee04cad842ee34587d68c07e45d088c"

[[package]]
name = "futures-io"
version = "0.3.28"
source = "registry+https://github.com/rust-lang/crates.io-index"
checksum = "4fff74096e71ed47f8e023204cfd0aa1289cd54ae5430a9523be060cdb849964"

[[package]]
name = "futures-macro"
version = "0.3.29"
source = "registry+https://github.com/rust-lang/crates.io-index"
checksum = "53b153fd91e4b0147f4aced87be237c98248656bb01050b96bf3ee89220a8ddb"
dependencies = [
 "proc-macro2",
 "quote",
 "syn 2.0.38",
]

[[package]]
name = "futures-sink"
version = "0.3.29"
source = "registry+https://github.com/rust-lang/crates.io-index"
checksum = "e36d3378ee38c2a36ad710c5d30c2911d752cb941c00c72dbabfb786a7970817"

[[package]]
name = "futures-task"
version = "0.3.29"
source = "registry+https://github.com/rust-lang/crates.io-index"
checksum = "efd193069b0ddadc69c46389b740bbccdd97203899b48d09c5f7969591d6bae2"

[[package]]
name = "futures-util"
version = "0.3.29"
source = "registry+https://github.com/rust-lang/crates.io-index"
checksum = "a19526d624e703a3179b3d322efec918b6246ea0fa51d41124525f00f1cc8104"
dependencies = [
 "futures-core",
 "futures-macro",
 "futures-sink",
 "futures-task",
 "pin-project-lite",
 "pin-utils",
]

[[package]]
name = "gcd"
version = "2.3.0"
source = "registry+https://github.com/rust-lang/crates.io-index"
checksum = "1d758ba1b47b00caf47f24925c0074ecb20d6dfcffe7f6d53395c0465674841a"

[[package]]
name = "generic-array"
version = "0.12.4"
source = "registry+https://github.com/rust-lang/crates.io-index"
checksum = "ffdf9f34f1447443d37393cc6c2b8313aebddcd96906caf34e54c68d8e57d7bd"
dependencies = [
 "typenum",
]

[[package]]
name = "generic-array"
version = "0.13.3"
source = "registry+https://github.com/rust-lang/crates.io-index"
checksum = "f797e67af32588215eaaab8327027ee8e71b9dd0b2b26996aedf20c030fce309"
dependencies = [
 "typenum",
]

[[package]]
name = "generic-array"
version = "0.14.7"
source = "registry+https://github.com/rust-lang/crates.io-index"
checksum = "85649ca51fd72272d7821adaf274ad91c288277713d9c18820d8499a7ff69e9a"
dependencies = [
 "typenum",
 "version_check",
]

[[package]]
name = "hash32"
version = "0.2.1"
source = "registry+https://github.com/rust-lang/crates.io-index"
checksum = "b0c35f58762feb77d74ebe43bdbc3210f09be9fe6742234d573bacc26ed92b67"
dependencies = [
 "byteorder",
]

[[package]]
name = "hashbrown"
version = "0.12.3"
source = "registry+https://github.com/rust-lang/crates.io-index"
checksum = "8a9ee70c43aaf417c914396645a0fa852624801b24ebb7ae78fe8272889ac888"

[[package]]
name = "heapless"
version = "0.7.16"
source = "registry+https://github.com/rust-lang/crates.io-index"
checksum = "db04bc24a18b9ea980628ecf00e6c0264f3c1426dac36c00cb49b6fbad8b0743"
dependencies = [
 "atomic-polyfill 0.1.11",
 "hash32",
 "rustc_version",
 "spin 0.9.8",
 "stable_deref_trait",
]

[[package]]
name = "heck"
version = "0.4.1"
source = "registry+https://github.com/rust-lang/crates.io-index"
checksum = "95505c38b4572b2d910cecb0281560f54b440a19336cbbcb27bf6ce6adc6f5a8"

[[package]]
name = "ident_case"
version = "1.0.1"
source = "registry+https://github.com/rust-lang/crates.io-index"
checksum = "b9e0384b61958566e926dc50660321d12159025e767c18e043daf26b70104c39"

[[package]]
name = "indexmap"
version = "1.9.3"
source = "registry+https://github.com/rust-lang/crates.io-index"
checksum = "bd070e393353796e801d209ad339e89596eb4c8d430d18ede6a1cced8fafbd99"
dependencies = [
 "autocfg",
 "hashbrown",
]

[[package]]
name = "lazy_static"
version = "1.4.0"
source = "registry+https://github.com/rust-lang/crates.io-index"
checksum = "e2abad23fbc42b3700f2f279844dc832adb2b2eb069b2df918f455c4e18cc646"
dependencies = [
 "spin 0.5.2",
]

[[package]]
name = "libm"
version = "0.2.8"
source = "registry+https://github.com/rust-lang/crates.io-index"
checksum = "4ec2a862134d2a7d32d7983ddcdd1c4923530833c9f2ea1a44fc5fa473989058"

[[package]]
name = "linked_list_allocator"
version = "0.10.5"
source = "registry+https://github.com/rust-lang/crates.io-index"
checksum = "9afa463f5405ee81cdb9cc2baf37e08ec7e4c8209442b5d72c04cfb2cd6e6286"

[[package]]
name = "lock_api"
version = "0.4.11"
source = "registry+https://github.com/rust-lang/crates.io-index"
checksum = "3c168f8615b12bc01f9c17e2eb0cc07dcae1940121185446edc3744920e8ef45"
dependencies = [
 "autocfg",
 "scopeguard",
]

[[package]]
name = "log"
version = "0.4.17"
source = "registry+https://github.com/rust-lang/crates.io-index"
checksum = "abb12e687cfb44aa40f41fc3978ef76448f9b6038cad6aef4259d3c095a2382e"
dependencies = [
 "cfg-if",
]

[[package]]
name = "managed"
version = "0.8.0"
source = "registry+https://github.com/rust-lang/crates.io-index"
checksum = "0ca88d725a0a943b096803bd34e73a4437208b6077654cc4ecb2947a5f91618d"

[[package]]
name = "memchr"
version = "2.5.0"
source = "registry+https://github.com/rust-lang/crates.io-index"
checksum = "2dffe52ecf27772e601905b7522cb4ef790d2cc203488bbd0e2fe85fcb74566d"

[[package]]
name = "minijinja"
version = "1.0.9"
source = "registry+https://github.com/rust-lang/crates.io-index"
checksum = "1f98b09920c8be9ff96a5625aca5b5db7a4f4ba025132ff7d7aacb72c0244a45"
dependencies = [
 "serde",
]

[[package]]
name = "mutex-trait"
version = "0.2.0"
source = "registry+https://github.com/rust-lang/crates.io-index"
checksum = "b4bb1638d419e12f8b1c43d9e639abd0d1424285bdea2f76aa231e233c63cd3a"

[[package]]
name = "nb"
version = "0.1.3"
source = "registry+https://github.com/rust-lang/crates.io-index"
checksum = "801d31da0513b6ec5214e9bf433a77966320625a37860f910be265be6e18d06f"
dependencies = [
 "nb 1.1.0",
]

[[package]]
name = "nb"
version = "1.1.0"
source = "registry+https://github.com/rust-lang/crates.io-index"
checksum = "8d5439c4ad607c3c23abf66de8c8bf57ba8adcd1f129e699851a6e43935d339d"

[[package]]
name = "no-std-net"
version = "0.5.0"
source = "registry+https://github.com/rust-lang/crates.io-index"
checksum = "1bcece43b12349917e096cddfa66107277f123e6c96a5aea78711dc601a47152"

[[package]]
name = "no-std-net"
version = "0.6.0"
source = "registry+https://github.com/rust-lang/crates.io-index"
checksum = "43794a0ace135be66a25d3ae77d41b91615fb68ae937f904090203e81f755b65"

[[package]]
name = "nostd_wifi_lamp"
version = "0.1.0"
dependencies = [
 "embassy-executor",
 "embassy-net",
 "embassy-net-driver",
 "embassy-sync 0.3.0",
 "embassy-time 0.1.5",
 "embedded-io 0.6.1",
 "embedded-svc 0.26.1",
 "esp-alloc",
 "esp-backtrace",
 "esp-hal-smartled",
 "esp-println",
 "esp-wifi",
 "esp32-hal",
 "futures-util",
 "lazy_static",
 "serde",
 "serde-json-core",
 "smart-leds",
]

[[package]]
name = "num-derive"
version = "0.3.3"
source = "registry+https://github.com/rust-lang/crates.io-index"
checksum = "876a53fff98e03a936a674b29568b0e605f06b29372c2489ff4de23f1949743d"
dependencies = [
 "proc-macro2",
 "quote",
 "syn 1.0.109",
]

[[package]]
name = "num-traits"
version = "0.2.15"
source = "registry+https://github.com/rust-lang/crates.io-index"
checksum = "578ede34cf02f8924ab9447f50c28075b4d3e5b269972345e7e0372b38c6cdcd"
dependencies = [
 "autocfg",
]

[[package]]
name = "once_cell"
version = "1.17.1"
source = "registry+https://github.com/rust-lang/crates.io-index"
checksum = "b7e5500299e16ebb147ae15a00a942af264cf3688f47923b8fc2cd5858f23ad3"

[[package]]
name = "paste"
version = "1.0.14"
source = "registry+https://github.com/rust-lang/crates.io-index"
checksum = "de3145af08024dea9fa9914f381a17b8fc6034dfb00f3a84013f7ff43f29ed4c"

[[package]]
name = "pin-project-lite"
version = "0.2.9"
source = "registry+https://github.com/rust-lang/crates.io-index"
checksum = "e0a7ae3ac2f1173085d398531c705756c94a4c56843785df85a60c1a0afac116"

[[package]]
name = "pin-utils"
version = "0.1.0"
source = "registry+https://github.com/rust-lang/crates.io-index"
checksum = "8b870d8c151b6f2fb93e84a13146138f05d02ed11c7e7c54f8826aaaf7c9f184"

[[package]]
name = "proc-macro-crate"
version = "1.3.1"
source = "registry+https://github.com/rust-lang/crates.io-index"
checksum = "7f4c021e1093a56626774e81216a4ce732a735e5bad4868a03f3ed65ca0c3919"
dependencies = [
 "once_cell",
 "toml_edit",
]

[[package]]
name = "proc-macro-error"
version = "1.0.4"
source = "registry+https://github.com/rust-lang/crates.io-index"
checksum = "da25490ff9892aab3fcf7c36f08cfb902dd3e71ca0f9f9517bea02a73a5ce38c"
dependencies = [
 "proc-macro-error-attr",
 "proc-macro2",
 "quote",
 "syn 1.0.109",
 "version_check",
]

[[package]]
name = "proc-macro-error-attr"
version = "1.0.4"
source = "registry+https://github.com/rust-lang/crates.io-index"
checksum = "a1be40180e52ecc98ad80b184934baf3d0d29f979574e439af5a55274b35f869"
dependencies = [
 "proc-macro2",
 "quote",
 "version_check",
]

[[package]]
name = "proc-macro2"
version = "1.0.69"
source = "registry+https://github.com/rust-lang/crates.io-index"
checksum = "134c189feb4956b20f6f547d2cf727d4c0fe06722b20a0eec87ed445a97f92da"
dependencies = [
 "unicode-ident",
]

[[package]]
name = "quote"
version = "1.0.33"
source = "registry+https://github.com/rust-lang/crates.io-index"
checksum = "5267fca4496028628a95160fc423a33e8b2e6af8a5302579e322e4b520293cae"
dependencies = [
 "proc-macro2",
]

[[package]]
name = "r0"
version = "1.0.0"
source = "registry+https://github.com/rust-lang/crates.io-index"
checksum = "bd7a31eed1591dcbc95d92ad7161908e72f4677f8fabf2a32ca49b4237cbf211"

[[package]]
name = "regex"
version = "1.7.3"
source = "registry+https://github.com/rust-lang/crates.io-index"
checksum = "8b1f693b24f6ac912f4893ef08244d70b6067480d2f1a46e950c9691e6749d1d"
dependencies = [
 "aho-corasick",
 "memchr",
 "regex-syntax",
]

[[package]]
name = "regex-syntax"
version = "0.6.29"
source = "registry+https://github.com/rust-lang/crates.io-index"
checksum = "f162c6dd7b008981e4d40210aca20b4bd0f9b60ca9271061b07f78537722f2e1"

[[package]]
name = "rgb"
version = "0.8.36"
source = "registry+https://github.com/rust-lang/crates.io-index"
checksum = "20ec2d3e3fc7a92ced357df9cebd5a10b6fb2aa1ee797bf7e9ce2f17dffc8f59"
dependencies = [
 "bytemuck",
]

[[package]]
name = "riscv"
version = "0.10.1"
source = "registry+https://github.com/rust-lang/crates.io-index"
checksum = "aa3145d2fae3778b1e31ec2e827b228bdc6abd9b74bb5705ba46dcb82069bc4f"
dependencies = [
 "bit_field",
 "critical-section",
 "embedded-hal 0.2.7",
]

[[package]]
name = "riscv-atomic-emulation-trap"
version = "0.4.1"
source = "registry+https://github.com/rust-lang/crates.io-index"
checksum = "7979127070e70f34c0ad6cc5a3a13f09af8dab1e9e154c396eb818f478504143"

[[package]]
name = "riscv-rt-macros"
version = "0.2.0"
source = "registry+https://github.com/rust-lang/crates.io-index"
checksum = "f38509d7b17c2f604ceab3e5ff8ac97bb8cd2f544688c512be75c715edaf4daf"
dependencies = [
 "proc-macro2",
 "quote",
 "syn 1.0.109",
]

[[package]]
name = "rustc_version"
version = "0.4.0"
source = "registry+https://github.com/rust-lang/crates.io-index"
checksum = "bfa0f585226d2e68097d4f95d113b15b83a82e819ab25717ec0590d9584ef366"
dependencies = [
 "semver",
]

[[package]]
name = "rustversion"
version = "1.0.12"
source = "registry+https://github.com/rust-lang/crates.io-index"
checksum = "4f3208ce4d8448b3f3e7d168a73f5e0c43a61e32930de3bceeccedb388b6bf06"

[[package]]
name = "ryu"
version = "1.0.13"
source = "registry+https://github.com/rust-lang/crates.io-index"
checksum = "f91339c0467de62360649f8d3e185ca8de4224ff281f66000de5eb2a77a79041"

[[package]]
name = "scopeguard"
version = "1.1.0"
source = "registry+https://github.com/rust-lang/crates.io-index"
checksum = "d29ab0c6d3fc0ee92fe66e2d99f700eab17a8d57d1c1d3b748380fb20baa78cd"

[[package]]
name = "semver"
version = "1.0.17"
source = "registry+https://github.com/rust-lang/crates.io-index"
checksum = "bebd363326d05ec3e2f532ab7660680f3b02130d780c299bca73469d521bc0ed"

[[package]]
name = "serde"
version = "1.0.190"
source = "registry+https://github.com/rust-lang/crates.io-index"
checksum = "91d3c334ca1ee894a2c6f6ad698fe8c435b76d504b13d436f0685d648d6d96f7"
dependencies = [
 "serde_derive",
]

[[package]]
name = "serde-json-core"
version = "0.5.1"
source = "registry+https://github.com/rust-lang/crates.io-index"
checksum = "3c9e1ab533c0bc414c34920ec7e5f097101d126ed5eac1a1aac711222e0bbb33"
dependencies = [
 "heapless",
 "ryu",
 "serde",
]

[[package]]
name = "serde_derive"
version = "1.0.190"
source = "registry+https://github.com/rust-lang/crates.io-index"
checksum = "67c5609f394e5c2bd7fc51efda478004ea80ef42fee983d5c67a65e34f32c0e3"
dependencies = [
 "proc-macro2",
 "quote",
 "syn 2.0.38",
]

[[package]]
name = "smart-leds"
version = "0.3.0"
source = "registry+https://github.com/rust-lang/crates.io-index"
checksum = "38dd45fa275f70b4110eac5f5182611ad384f88bb22b68b9a9c3cafd7015290b"
dependencies = [
 "smart-leds-trait",
]

[[package]]
name = "smart-leds-trait"
version = "0.2.1"
source = "registry+https://github.com/rust-lang/crates.io-index"
checksum = "ebf6d833fa93f16a1c1874e62c2aebe8567e5bdd436d59bf543ed258b6f7a8e3"
dependencies = [
 "rgb",
]

[[package]]
name = "smoltcp"
version = "0.9.1"
source = "registry+https://github.com/rust-lang/crates.io-index"
checksum = "7e9786ac45091b96f946693e05bfa4d8ca93e2d3341237d97a380107a6b38dea"
dependencies = [
 "bitflags 1.3.2",
 "byteorder",
 "cfg-if",
 "heapless",
 "managed",
]

[[package]]
name = "smoltcp"
version = "0.10.0"
source = "registry+https://github.com/rust-lang/crates.io-index"
checksum = "8d2e3a36ac8fea7b94e666dfa3871063d6e0a5c9d5d4fec9a1a6b7b6760f0229"
dependencies = [
 "bitflags 1.3.2",
 "byteorder",
 "cfg-if",
 "heapless",
 "managed",
]

[[package]]
name = "spin"
version = "0.5.2"
source = "registry+https://github.com/rust-lang/crates.io-index"
checksum = "6e63cff320ae2c57904679ba7cb63280a3dc4613885beafb148ee7bf9aa9042d"

[[package]]
name = "spin"
version = "0.9.8"
source = "registry+https://github.com/rust-lang/crates.io-index"
checksum = "6980e8d7511241f8acf4aebddbb1ff938df5eebe98691418c4468d0b72a96a67"
dependencies = [
 "lock_api",
]

[[package]]
name = "stable_deref_trait"
version = "1.2.0"
source = "registry+https://github.com/rust-lang/crates.io-index"
checksum = "a8f112729512f8e442d81f95a8a7ddf2b7c6b8a1a6f509a95864142b30cab2d3"

[[package]]
name = "static_cell"
version = "1.0.0"
source = "registry+https://github.com/rust-lang/crates.io-index"
checksum = "e4c37c250d21f53fa7165e76e5401d7e6539c211a8d2cf449e3962956a5cc2ce"
dependencies = [
 "atomic-polyfill 1.0.2",
]

[[package]]
name = "strsim"
version = "0.10.0"
source = "registry+https://github.com/rust-lang/crates.io-index"
checksum = "73473c0e59e6d5812c5dfe2a064a6444949f089e20eec9a2e5506596494e4623"

[[package]]
name = "strum"
version = "0.24.1"
source = "registry+https://github.com/rust-lang/crates.io-index"
checksum = "063e6045c0e62079840579a7e47a355ae92f60eb74daaf156fb1e84ba164e63f"

[[package]]
name = "strum"
version = "0.25.0"
source = "registry+https://github.com/rust-lang/crates.io-index"
checksum = "290d54ea6f91c969195bdbcd7442c8c2a2ba87da8bf60a7ee86a235d4bc1e125"
dependencies = [
 "strum_macros 0.25.3",
]

[[package]]
name = "strum_macros"
version = "0.24.3"
source = "registry+https://github.com/rust-lang/crates.io-index"
checksum = "1e385be0d24f186b4ce2f9982191e7101bb737312ad61c1f2f984f34bcf85d59"
dependencies = [
 "heck",
 "proc-macro2",
 "quote",
 "rustversion",
 "syn 1.0.109",
]

[[package]]
name = "strum_macros"
version = "0.25.3"
source = "registry+https://github.com/rust-lang/crates.io-index"
checksum = "23dc1fa9ac9c169a78ba62f0b841814b7abae11bdd047b9c58f893439e309ea0"
dependencies = [
 "heck",
 "proc-macro2",
 "quote",
 "rustversion",
 "syn 2.0.38",
]

[[package]]
name = "syn"
version = "1.0.109"
source = "registry+https://github.com/rust-lang/crates.io-index"
checksum = "72b64191b275b66ffe2469e8af2c1cfe3bafa67b529ead792a6d0160888b4237"
dependencies = [
 "proc-macro2",
 "quote",
 "unicode-ident",
]

[[package]]
name = "syn"
version = "2.0.38"
source = "registry+https://github.com/rust-lang/crates.io-index"
checksum = "e96b79aaa137db8f61e26363a0c9b47d8b4ec75da28b7d1d614c2303e232408b"
dependencies = [
 "proc-macro2",
 "quote",
 "unicode-ident",
]

[[package]]
name = "toml"
version = "0.5.11"
source = "registry+https://github.com/rust-lang/crates.io-index"
checksum = "f4f7f0dd8d50a853a531c426359045b1998f04219d88799810762cd4ad314234"
dependencies = [
 "serde",
]

[[package]]
name = "toml-cfg"
version = "0.1.3"
source = "registry+https://github.com/rust-lang/crates.io-index"
checksum = "91dbf509587452b781d208257bfe9923808873290d99505ee0eb0e6599540bdf"
dependencies = [
 "heck",
 "proc-macro2",
 "quote",
 "serde",
 "syn 1.0.109",
 "toml",
]

[[package]]
name = "toml_datetime"
version = "0.6.1"
source = "registry+https://github.com/rust-lang/crates.io-index"
checksum = "3ab8ed2edee10b50132aed5f331333428b011c99402b5a534154ed15746f9622"

[[package]]
name = "toml_edit"
version = "0.19.8"
source = "registry+https://github.com/rust-lang/crates.io-index"
checksum = "239410c8609e8125456927e6707163a3b1fdb40561e4b803bc041f466ccfdc13"
dependencies = [
 "indexmap",
 "toml_datetime",
 "winnow",
]

[[package]]
name = "typenum"
version = "1.16.0"
source = "registry+https://github.com/rust-lang/crates.io-index"
checksum = "497961ef93d974e23eb6f433eb5fe1b7930b659f06d12dec6fc44a8f554c0bba"

[[package]]
name = "unicode-ident"
version = "1.0.8"
source = "registry+https://github.com/rust-lang/crates.io-index"
checksum = "e5464a87b239f13a63a501f2701565754bae92d243d4bb7eb12f6d57d2269bf4"

[[package]]
name = "usb-device"
version = "0.2.9"
source = "registry+https://github.com/rust-lang/crates.io-index"
checksum = "1f6cc3adc849b5292b4075fc0d5fdcf2f24866e88e336dd27a8943090a520508"

[[package]]
name = "vcell"
version = "0.1.3"
source = "registry+https://github.com/rust-lang/crates.io-index"
checksum = "77439c1b53d2303b20d9459b1ade71a83c716e3f9c34f3228c00e6f185d6c002"

[[package]]
name = "version_check"
version = "0.9.4"
source = "registry+https://github.com/rust-lang/crates.io-index"
checksum = "49874b5167b65d7193b8aba1567f5c7d93d001cafc34600cee003eda787e483f"

[[package]]
name = "void"
version = "1.0.2"
source = "registry+https://github.com/rust-lang/crates.io-index"
checksum = "6a02e4885ed3bc0f2de90ea6dd45ebcbb66dacffe03547fadbb0eeae2770887d"

[[package]]
name = "winnow"
version = "0.4.1"
source = "registry+https://github.com/rust-lang/crates.io-index"
checksum = "ae8970b36c66498d8ff1d66685dc86b91b29db0c7739899012f63a63814b4b28"
dependencies = [
 "memchr",
]

[[package]]
name = "xtensa-atomic-emulation-trap"
version = "0.4.0"
source = "registry+https://github.com/rust-lang/crates.io-index"
checksum = "8cd1632531f5d8ba78dabeff8b006a0d675560f436727479138a3dd194f0582b"

[[package]]
name = "xtensa-lx"
version = "0.8.0"
source = "registry+https://github.com/rust-lang/crates.io-index"
checksum = "9490addc0a1edd86e571a9ed8063f33d8224f981e61bbf72279671ed0cb4bb7c"
dependencies = [
 "bare-metal",
 "mutex-trait",
 "spin 0.9.8",
]

[[package]]
name = "xtensa-lx-rt"
version = "0.16.0"
source = "registry+https://github.com/rust-lang/crates.io-index"
checksum = "904102108b780c9a5e3275c5f3c63dc348ec43ae5da5237868515498b447d51a"
dependencies = [
 "bare-metal",
 "core-isa-parser",
 "minijinja",
 "r0",
 "xtensa-lx-rt-proc-macros",
]

[[package]]
name = "xtensa-lx-rt-proc-macros"
version = "0.2.1"
source = "registry+https://github.com/rust-lang/crates.io-index"
checksum = "082cdede098bbec9af15b0e74085e5f3d16f2923597de7aed7b8112003af2da7"
dependencies = [
 "darling 0.20.3",
 "proc-macro2",
 "quote",
 "syn 2.0.38",
]
